
Microsoft Visual Studio Solution File, Format Version 12.00
# Visual Studio Version 17
VisualStudioVersion = 17.0.31903.59
MinimumVisualStudioVersion = 10.0.40219.1
Project("{FAE04EC0-301F-11D3-BF4B-00C04F79EFBC}") = "asp-webapp", "asp-webapp\asp-webapp.csproj", "{11B1747C-36C4-481D-835A-F860577A7609}"
EndProject
Project("{FAE04EC0-301F-11D3-BF4B-00C04F79EFBC}") = "webtest", "webtest\webtest.csproj", "{B1A2C3D4-E5F6-7890-1234-56789ABCDEF0}"
EndProject
Global
	GlobalSection(SolutionConfigurationPlatforms) = preSolution
		Debug|Any CPU = Debug|Any CPU
		Release|Any CPU = Release|Any CPU
	EndGlobalSection
	{B1A2C3D4-E5F6-7890-1234-56789ABCDEF0}.Debug|Any CPU.ActiveCfg = Debug|Any CPU
	{B1A2C3D4-E5F6-7890-1234-56789ABCDEF0}.Debug|Any CPU.Build.0 = Debug|Any CPU
	{B1A2C3D4-E5F6-7890-1234-56789ABCDEF0}.Release|Any CPU.ActiveCfg = Release|Any CPU
	{B1A2C3D4-E5F6-7890-1234-56789ABCDEF0}.Release|Any CPU.Build.0 = Release|Any CPU
	GlobalSection(SolutionProperties) = preSolution
		HideSolutionNode = FALSE
	EndGlobalSection
	GlobalSection(ProjectConfigurationPlatforms) = postSolution
		{11B1747C-36C4-481D-835A-F860577A7609}.Debug|Any CPU.ActiveCfg = Debug|Any CPU
		{11B1747C-36C4-481D-835A-F860577A7609}.Debug|Any CPU.Build.0 = Debug|Any CPU
		{11B1747C-36C4-481D-835A-F860577A7609}.Release|Any CPU.ActiveCfg = Release|Any CPU
		{11B1747C-36C4-481D-835A-F860577A7609}.Release|Any CPU.Build.0 = Release|Any CPU
	EndGlobalSection
EndGlobal
